
Microsoft Visual Studio Solution File, Format Version 12.00
# Visual Studio 2017
Project("{FAE04EC0-301F-11D3-BF4B-00C04F79EFBC}") = "FPS_WSIU", "FPS_WSIU.csproj", "{4A8516A1-D3B7-F3E6-CBC2-CE8E46997C85}"
EndProject
Global
	GlobalSection(SolutionConfigurationPlatforms) = preSolution
		Debug|Any CPU = Debug|Any CPU
		Release|Any CPU = Release|Any CPU
	EndGlobalSection
	GlobalSection(ProjectConfigurationPlatforms) = postSolution
		{4A8516A1-D3B7-F3E6-CBC2-CE8E46997C85}.Debug|Any CPU.ActiveCfg = Debug|Any CPU
		{4A8516A1-D3B7-F3E6-CBC2-CE8E46997C85}.Debug|Any CPU.Build.0 = Debug|Any CPU
		{4A8516A1-D3B7-F3E6-CBC2-CE8E46997C85}.Release|Any CPU.ActiveCfg = Release|Any CPU
		{4A8516A1-D3B7-F3E6-CBC2-CE8E46997C85}.Release|Any CPU.Build.0 = Release|Any CPU
	EndGlobalSection
	GlobalSection(SolutionProperties) = preSolution
		HideSolutionNode = FALSE
	EndGlobalSection
EndGlobal
